Microsoft Visual Studio Solution File, Format Version 12.00
# Visual Studio 2012
Project("{FAE04EC0-301F-11D3-BF4B-00C04F79EFBC}") = "BreakoutClone", "BreakoutClone.csproj", "{CEF6239A-E832-4158-9307-0326AC04718D}"
EndProject
Global
	GlobalSection(SolutionConfigurationPlatforms) = preSolution
	Debug|Any CPU = Debug|Any CPU
	ExportDebug|Any CPU = ExportDebug|Any CPU
	ExportRelease|Any CPU = ExportRelease|Any CPU
	EndGlobalSection
	GlobalSection(ProjectConfigurationPlatforms) = postSolution
		{CEF6239A-E832-4158-9307-0326AC04718D}.Debug|Any CPU.ActiveCfg = Debug|Any CPU
		{CEF6239A-E832-4158-9307-0326AC04718D}.Debug|Any CPU.Build.0 = Debug|Any CPU
		{CEF6239A-E832-4158-9307-0326AC04718D}.ExportDebug|Any CPU.ActiveCfg = ExportDebug|Any CPU
		{CEF6239A-E832-4158-9307-0326AC04718D}.ExportDebug|Any CPU.Build.0 = ExportDebug|Any CPU
		{CEF6239A-E832-4158-9307-0326AC04718D}.ExportRelease|Any CPU.ActiveCfg = ExportRelease|Any CPU
		{CEF6239A-E832-4158-9307-0326AC04718D}.ExportRelease|Any CPU.Build.0 = ExportRelease|Any CPU
	EndGlobalSection
EndGlobal
